// !$*UTF8*$!
{
	archiveVersion = 1;
	classes = {
	};
	objectVersion = 77;
	objects = {

/* Begin PBXContainerItemProxy section */
		FD2CCF6E2CF6DA08003CB571 /* PBXContainerItemProxy */ = {
			isa = PBXContainerItemProxy;
			containerPortal = FD2CCF552CF6DA06003CB571 /* Project object */;
			proxyType = 1;
			remoteGlobalIDString = FD2CCF5C2CF6DA06003CB571;
			remoteInfo = FlowerDetector;
		};
		FD2CCF782CF6DA08003CB571 /* PBXContainerItemProxy */ = {
			isa = PBXContainerItemProxy;
			containerPortal = FD2CCF552CF6DA06003CB571 /* Project object */;
			proxyType = 1;
			remoteGlobalIDString = FD2CCF5C2CF6DA06003CB571;
			remoteInfo = FlowerDetector;
		};
/* End PBXContainerItemProxy section */

/* Begin PBXFileReference section */
		FD2CCF5D2CF6DA06003CB571 /* FlowerDetector.app */ = {isa = PBXFileReference; explicitFileType = wrapper.application; includeInIndex = 0; path = FlowerDetector.app; sourceTree = BUILT_PRODUCTS_DIR; };
		FD2CCF6D2CF6DA08003CB571 /* FlowerDetectorTests.xctest */ = {isa = PBXFileReference; explicitFileType = wrapper.cfbundle; includeInIndex = 0; path = FlowerDetectorTests.xctest; sourceTree = BUILT_PRODUCTS_DIR; };
		FD2CCF772CF6DA08003CB571 /* FlowerDetectorUITests.xctest */ = {isa = PBXFileReference; explicitFileType = wrapper.cfbundle; includeInIndex = 0; path = FlowerDetectorUITests.xctest; sourceTree = BUILT_PRODUCTS_DIR; };
/* End PBXFileReference section */

/* Begin PBXFileSystemSynchronizedRootGroup section */
		FD2CCF5F2CF6DA06003CB571 /* FlowerDetector */ = {
			isa = PBXFileSystemSynchronizedRootGroup;
			path = FlowerDetector;
			sourceTree = "<group>";
		};
		FD2CCF702CF6DA08003CB571 /* FlowerDetectorTests */ = {
			isa = PBXFileSystemSynchronizedRootGroup;
			path = FlowerDetectorTests;
			sourceTree = "<group>";
		};
		FD2CCF7A2CF6DA08003CB571 /* FlowerDetectorUITests */ = {
			isa = PBXFileSystemSynchronizedRootGroup;
			path = FlowerDetectorUITests;
			sourceTree = "<group>";
		};
/* End PBXFileSystemSynchronizedRootGroup section */

/* Begin PBXFrameworksBuildPhase section */
		FD2CCF5A2CF6DA06003CB571 /* Frameworks */ = {
			isa = PBXFrameworksBuildPhase;
			buildActionMask = 2147483647;
			files = (
			);
			runOnlyForDeploymentPostprocessing = 0;
		};
		FD2CCF6A2CF6DA08003CB571 /* Frameworks */ = {
			isa = PBXFrameworksBuildPhase;
			buildActionMask = 2147483647;
			files = (
			);
			runOnlyForDeploymentPostprocessing = 0;
		};
		FD2CCF742CF6DA08003CB571 /* Frameworks */ = {
			isa = PBXFrameworksBuildPhase;
			buildActionMask = 2147483647;
			files = (
			);
			runOnlyForDeploymentPostprocessing = 0;
		};
/* End PBXFrameworksBuildPhase section */

/* Begin PBXGroup section */
		FD2CCF542CF6DA06003CB571 = {
			isa = PBXGroup;
			children = (
				FD2CCF5F2CF6DA06003CB571 /* FlowerDetector */,
				FD2CCF702CF6DA08003CB571 /* FlowerDetectorTests */,
				FD2CCF7A2CF6DA08003CB571 /* FlowerDetectorUITests */,
				FD2CCF5E2CF6DA06003CB571 /* Products */,
			);
			sourceTree = "<group>";
		};
		FD2CCF5E2CF6DA06003CB571 /* Products */ = {
			isa = PBXGroup;
			children = (
				FD2CCF5D2CF6DA06003CB571 /* FlowerDetector.app */,
				FD2CCF6D2CF6DA08003CB571 /* FlowerDetectorTests.xctest */,
				FD2CCF772CF6DA08003CB571 /* FlowerDetectorUITests.xctest */,
			);
			name = Products;
			sourceTree = "<group>";
		};
/* End PBXGroup section */

/* Begin PBXNativeTarget section */
		FD2CCF5C2CF6DA06003CB571 /* FlowerDetector */ = {
			isa = PBXNativeTarget;
			buildConfigurationList = FD2CCF812CF6DA08003CB571 /* Build configuration list for PBXNativeTarget "FlowerDetector" */;
			buildPhases = (
				FD2CCF592CF6DA06003CB571 /* Sources */,
				FD2CCF5A2CF6DA06003CB571 /* Frameworks */,
				FD2CCF5B2CF6DA06003CB571 /* Resources */,
			);
			buildRules = (
			);
			dependencies = (
			);
			fileSystemSynchronizedGroups = (
				FD2CCF5F2CF6DA06003CB571 /* FlowerDetector */,
			);
			name = FlowerDetector;
			packageProductDependencies = (
			);
			productName = FlowerDetector;
			productReference = FD2CCF5D2CF6DA06003CB571 /* FlowerDetector.app */;
			productType = "com.apple.product-type.application";
		};
		FD2CCF6C2CF6DA08003CB571 /* FlowerDetectorTests */ = {
			isa = PBXNativeTarget;
			buildConfigurationList = FD2CCF842CF6DA08003CB571 /* Build configuration list for PBXNativeTarget "FlowerDetectorTests" */;
			buildPhases = (
				FD2CCF692CF6DA08003CB571 /* Sources */,
				FD2CCF6A2CF6DA08003CB571 /* Frameworks */,
				FD2CCF6B2CF6DA08003CB571 /* Resources */,
			);
			buildRules = (
			);
			dependencies = (
				FD2CCF6F2CF6DA08003CB571 /* PBXTargetDependency */,
			);
			fileSystemSynchronizedGroups = (
				FD2CCF702CF6DA08003CB571 /* FlowerDetectorTests */,
			);
			name = FlowerDetectorTests;
			packageProductDependencies = (
			);
			productName = FlowerDetectorTests;
			productReference = FD2CCF6D2CF6DA08003CB571 /* FlowerDetectorTests.xctest */;
			productType = "com.apple.product-type.bundle.unit-test";
		};
		FD2CCF762CF6DA08003CB571 /* FlowerDetectorUITests */ = {
			isa = PBXNativeTarget;
			buildConfigurationList = FD2CCF872CF6DA08003CB571 /* Build configuration list for PBXNativeTarget "FlowerDetectorUITests" */;
			buildPhases = (
				FD2CCF732CF6DA08003CB571 /* Sources */,
				FD2CCF742CF6DA08003CB571 /* Frameworks */,
				FD2CCF752CF6DA08003CB571 /* Resources */,
			);
			buildRules = (
			);
			dependencies = (
				FD2CCF792CF6DA08003CB571 /* PBXTargetDependency */,
			);
			fileSystemSynchronizedGroups = (
				FD2CCF7A2CF6DA08003CB571 /* FlowerDetectorUITests */,
			);
			name = FlowerDetectorUITests;
			packageProductDependencies = (
			);
			productName = FlowerDetectorUITests;
			productReference = FD2CCF772CF6DA08003CB571 /* FlowerDetectorUITests.xctest */;
			productType = "com.apple.product-type.bundle.ui-testing";
		};
/* End PBXNativeTarget section */

/* Begin PBXProject section */
		FD2CCF552CF6DA06003CB571 /* Project object */ = {
			isa = PBXProject;
			attributes = {
				BuildIndependentTargetsInParallel = 1;
				LastSwiftUpdateCheck = 1610;
				LastUpgradeCheck = 1610;
				TargetAttributes = {
					FD2CCF5C2CF6DA06003CB571 = {
						CreatedOnToolsVersion = 16.1;
					};
					FD2CCF6C2CF6DA08003CB571 = {
						CreatedOnToolsVersion = 16.1;
						TestTargetID = FD2CCF5C2CF6DA06003CB571;
					};
					FD2CCF762CF6DA08003CB571 = {
						CreatedOnToolsVersion = 16.1;
						TestTargetID = FD2CCF5C2CF6DA06003CB571;
					};
				};
			};
			buildConfigurationList = FD2CCF582CF6DA06003CB571 /* Build configuration list for PBXProject "FlowerDetector" */;
			developmentRegion = en;
			hasScannedForEncodings = 0;
			knownRegions = (
				en,
				Base,
			);
			mainGroup = FD2CCF542CF6DA06003CB571;
			minimizedProjectReferenceProxies = 1;
			preferredProjectObjectVersion = 77;
			productRefGroup = FD2CCF5E2CF6DA06003CB571 /* Products */;
			projectDirPath = "";
			projectRoot = "";
			targets = (
				FD2CCF5C2CF6DA06003CB571 /* FlowerDetector */,
				FD2CCF6C2CF6DA08003CB571 /* FlowerDetectorTests */,
				FD2CCF762CF6DA08003CB571 /* FlowerDetectorUITests */,
			);
		};
/* End PBXProject section */

/* Begin PBXResourcesBuildPhase section */
		FD2CCF5B2CF6DA06003CB571 /* Resources */ = {
			isa = PBXResourcesBuildPhase;
			buildActionMask = 2147483647;
			files = (
			);
			runOnlyForDeploymentPostprocessing = 0;
		};
		FD2CCF6B2CF6DA08003CB571 /* Resources */ = {
			isa = PBXResourcesBuildPhase;
			buildActionMask = 2147483647;
			files = (
			);
			runOnlyForDeploymentPostprocessing = 0;
		};
		FD2CCF752CF6DA08003CB571 /* Resources */ = {
			isa = PBXResourcesBuildPhase;
			buildActionMask = 2147483647;
			files = (
			);
			runOnlyForDeploymentPostprocessing = 0;
		};
/* End PBXResourcesBuildPhase section */

/* Begin PBXSourcesBuildPhase section */
		FD2CCF592CF6DA06003CB571 /* Sources */ = {
			isa = PBXSourcesBuildPhase;
			buildActionMask = 2147483647;
			files = (
			);
			runOnlyForDeploymentPostprocessing = 0;
		};
		FD2CCF692CF6DA08003CB571 /* Sources */ = {
			isa = PBXSourcesBuildPhase;
			buildActionMask = 2147483647;
			files = (
			);
			runOnlyForDeploymentPostprocessing = 0;
		};
		FD2CCF732CF6DA08003CB571 /* Sources */ = {
			isa = PBXSourcesBuildPhase;
			buildActionMask = 2147483647;
			files = (
			);
			runOnlyForDeploymentPostprocessing = 0;
		};
/* End PBXSourcesBuildPhase section */

/* Begin PBXTargetDependency section */
		FD2CCF6F2CF6DA08003CB571 /* PBXTargetDependency */ = {
			isa = PBXTargetDependency;
			target = FD2CCF5C2CF6DA06003CB571 /* FlowerDetector */;
			targetProxy = FD2CCF6E2CF6DA08003CB571 /* PBXContainerItemProxy */;
		};
		FD2CCF792CF6DA08003CB571 /* PBXTargetDependency */ = {
			isa = PBXTargetDependency;
			target = FD2CCF5C2CF6DA06003CB571 /* FlowerDetector */;
			targetProxy = FD2CCF782CF6DA08003CB571 /* PBXContainerItemProxy */;
		};
/* End PBXTargetDependency section */

/* Begin XCBuildConfiguration section */
		FD2CCF7F2CF6DA08003CB571 /* Debug */ = {
			isa = XCBuildConfiguration;
			buildSettings = {
				ALWAYS_SEARCH_USER_PATHS = NO;
				ASSETCATALOG_COMPILER_GENERATE_SWIFT_ASSET_SYMBOL_EXTENSIONS = YES;
				CLANG_ANALYZER_NONNULL = YES;
				CLANG_ANALYZER_NUMBER_OBJECT_CONVERSION = YES_AGGRESSIVE;
				CLANG_CXX_LANGUAGE_STANDARD = "gnu++20";
				CLANG_ENABLE_MODULES = YES;
				CLANG_ENABLE_OBJC_ARC = YES;
				CLANG_ENABLE_OBJC_WEAK = YES;
				CLANG_WARN_BLOCK_CAPTURE_AUTORELEASING = YES;
				CLANG_WARN_BOOL_CONVERSION = YES;
				CLANG_WARN_COMMA = YES;
				CLANG_WARN_CONSTANT_CONVERSION = YES;
				CLANG_WARN_DEPRECATED_OBJC_IMPLEMENTATIONS = YES;
				CLANG_WARN_DIRECT_OBJC_ISA_USAGE = YES_ERROR;
				CLANG_WARN_DOCUMENTATION_COMMENTS = YES;
				CLANG_WARN_EMPTY_BODY = YES;
				CLANG_WARN_ENUM_CONVERSION = YES;
				CLANG_WARN_INFINITE_RECURSION = YES;
				CLANG_WARN_INT_CONVERSION = YES;
				CLANG_WARN_NON_LITERAL_NULL_CONVERSION = YES;
				CLANG_WARN_OBJC_IMPLICIT_RETAIN_SELF = YES;
				CLANG_WARN_OBJC_LITERAL_CONVERSION = YES;
				CLANG_WARN_OBJC_ROOT_CLASS = YES_ERROR;
				CLANG_WARN_QUOTED_INCLUDE_IN_FRAMEWORK_HEADER = YES;
				CLANG_WARN_RANGE_LOOP_ANALYSIS = YES;
				CLANG_WARN_STRICT_PROTOTYPES = YES;
				CLANG_WARN_SUSPICIOUS_MOVE = YES;
				CLANG_WARN_UNGUARDED_AVAILABILITY = YES_AGGRESSIVE;
				CLANG_WARN_UNREACHABLE_CODE = YES;
				CLANG_WARN__DUPLICATE_METHOD_MATCH = YES;
				COPY_PHASE_STRIP = NO;
				DEBUG_INFORMATION_FORMAT = dwarf;
				ENABLE_STRICT_OBJC_MSGSEND = YES;
				ENABLE_TESTABILITY = YES;
				ENABLE_USER_SCRIPT_SANDBOXING = YES;
				GCC_C_LANGUAGE_STANDARD = gnu17;
				GCC_DYNAMIC_NO_PIC = NO;
				GCC_NO_COMMON_BLOCKS = YES;
				GCC_OPTIMIZATION_LEVEL = 0;
				GCC_PREPROCESSOR_DEFINITIONS = (
					"DEBUG=1",
					"$(inherited)",
				);
				GCC_WARN_64_TO_32_BIT_CONVERSION = YES;
				GCC_WARN_ABOUT_RETURN_TYPE = YES_ERROR;
				GCC_WARN_UNDECLARED_SELECTOR = YES;
				GCC_WARN_UNINITIALIZED_AUTOS = YES_AGGRESSIVE;
				GCC_WARN_UNUSED_FUNCTION = YES;
				GCC_WARN_UNUSED_VARIABLE = YES;
				IPHONEOS_DEPLOYMENT_TARGET = 18.1;
				LOCALIZATION_PREFERS_STRING_CATALOGS = YES;
				MTL_ENABLE_DEBUG_INFO = INCLUDE_SOURCE;
				MTL_FAST_MATH = YES;
				ONLY_ACTIVE_ARCH = YES;
				SDKROOT = iphoneos;
				SWIFT_ACTIVE_COMPILATION_CONDITIONS = "DEBUG $(inherited)";
				SWIFT_OPTIMIZATION_LEVEL = "-Onone";
			};
			name = Debug;
		};
		FD2CCF802CF6DA08003CB571 /* Release */ = {
			isa = XCBuildConfiguration;
			buildSettings = {
				ALWAYS_SEARCH_USER_PATHS = NO;
				ASSETCATALOG_COMPILER_GENERATE_SWIFT_ASSET_SYMBOL_EXTENSIONS = YES;
				CLANG_ANALYZER_NONNULL = YES;
				CLANG_ANALYZER_NUMBER_OBJECT_CONVERSION = YES_AGGRESSIVE;
				CLANG_CXX_LANGUAGE_STANDARD = "gnu++20";
				CLANG_ENABLE_MODULES = YES;
				CLANG_ENABLE_OBJC_ARC = YES;
				CLANG_ENABLE_OBJC_WEAK = YES;
				CLANG_WARN_BLOCK_CAPTURE_AUTORELEASING = YES;
				CLANG_WARN_BOOL_CONVERSION = YES;
				CLANG_WARN_COMMA = YES;
				CLANG_WARN_CONSTANT_CONVERSION = YES;
				CLANG_WARN_DEPRECATED_OBJC_IMPLEMENTATIONS = YES;
				CLANG_WARN_DIRECT_OBJC_ISA_USAGE = YES_ERROR;
				CLANG_WARN_DOCUMENTATION_COMMENTS = YES;
				CLANG_WARN_EMPTY_BODY = YES;
				CLANG_WARN_ENUM_CONVERSION = YES;
				CLANG_WARN_INFINITE_RECURSION = YES;
				CLANG_WARN_INT_CONVERSION = YES;
				CLANG_WARN_NON_LITERAL_NULL_CONVERSION = YES;
				CLANG_WARN_OBJC_IMPLICIT_RETAIN_SELF = YES;
				CLANG_WARN_OBJC_LITERAL_CONVERSION = YES;
				CLANG_WARN_OBJC_ROOT_CLASS = YES_ERROR;
				CLANG_WARN_QUOTED_INCLUDE_IN_FRAMEWORK_HEADER = YES;
				CLANG_WARN_RANGE_LOOP_ANALYSIS = YES;
				CLANG_WARN_STRICT_PROTOTYPES = YES;
				CLANG_WARN_SUSPICIOUS_MOVE = YES;
				CLANG_WARN_UNGUARDED_AVAILABILITY = YES_AGGRESSIVE;
				CLANG_WARN_UNREACHABLE_CODE = YES;
				CLANG_WARN__DUPLICATE_METHOD_MATCH = YES;
				COPY_PHASE_STRIP = NO;
				DEBUG_INFORMATION_FORMAT = "dwarf-with-dsym";
				ENABLE_NS_ASSERTIONS = NO;
				ENABLE_STRICT_OBJC_MSGSEND = YES;
				ENABLE_USER_SCRIPT_SANDBOXING = YES;
				GCC_C_LANGUAGE_STANDARD = gnu17;
				GCC_NO_COMMON_BLOCKS = YES;
				GCC_WARN_64_TO_32_BIT_CONVERSION = YES;
				GCC_WARN_ABOUT_RETURN_TYPE = YES_ERROR;
				GCC_WARN_UNDECLARED_SELECTOR = YES;
				GCC_WARN_UNINITIALIZED_AUTOS = YES_AGGRESSIVE;
				GCC_WARN_UNUSED_FUNCTION = YES;
				GCC_WARN_UNUSED_VARIABLE = YES;
				IPHONEOS_DEPLOYMENT_TARGET = 18.1;
				LOCALIZATION_PREFERS_STRING_CATALOGS = YES;
				MTL_ENABLE_DEBUG_INFO = NO;
				MTL_FAST_MATH = YES;
				SDKROOT = iphoneos;
				SWIFT_COMPILATION_MODE = wholemodule;
				VALIDATE_PRODUCT = YES;
			};
			name = Release;
		};
		FD2CCF822CF6DA08003CB571 /* Debug */ = {
			isa = XCBuildConfiguration;
			buildSettings = {
				ASSETCATALOG_COMPILER_APPICON_NAME = AppIcon;
				ASSETCATALOG_COMPILER_GLOBAL_ACCENT_COLOR_NAME = AccentColor;
				CODE_SIGN_STYLE = Automatic;
				CURRENT_PROJECT_VERSION = 1;
				DEVELOPMENT_ASSET_PATHS = "\"FlowerDetector/Preview Content\"";
				DEVELOPMENT_TEAM = 6UG68T5QFF;
				ENABLE_PREVIEWS = YES;
				GENERATE_INFOPLIST_FILE = YES;
<<<<<<< HEAD
				INFOPLIST_KEY_NSAppleMusicUsageDescription = "Library usage.";
				INFOPLIST_KEY_NSCameraUsageDescription = "Camera use.";
=======
>>>>>>> 512c5a5388c9b85090ee655900769132962c7364
				INFOPLIST_KEY_UIApplicationSceneManifest_Generation = YES;
				INFOPLIST_KEY_UIApplicationSupportsIndirectInputEvents = YES;
				INFOPLIST_KEY_UILaunchScreen_Generation = YES;
				INFOPLIST_KEY_UISupportedInterfaceOrientations_iPad = "UIInterfaceOrientationPortrait UIInterfaceOrientationPortraitUpsideDown UIInterfaceOrientationLandscapeLeft UIInterfaceOrientationLandscapeRight";
				INFOPLIST_KEY_UISupportedInterfaceOrientations_iPhone = "UIInterfaceOrientationPortrait UIInterfaceOrientationLandscapeLeft UIInterfaceOrientationLandscapeRight";
				LD_RUNPATH_SEARCH_PATHS = (
					"$(inherited)",
					"@executable_path/Frameworks",
				);
				MARKETING_VERSION = 1.0;
				PRODUCT_BUNDLE_IDENTIFIER = Ibrahim.FlowerDetector;
				PRODUCT_NAME = "$(TARGET_NAME)";
				SWIFT_EMIT_LOC_STRINGS = YES;
				SWIFT_VERSION = 5.0;
				TARGETED_DEVICE_FAMILY = "1,2";
			};
			name = Debug;
		};
		FD2CCF832CF6DA08003CB571 /* Release */ = {
			isa = XCBuildConfiguration;
			buildSettings = {
				ASSETCATALOG_COMPILER_APPICON_NAME = AppIcon;
				ASSETCATALOG_COMPILER_GLOBAL_ACCENT_COLOR_NAME = AccentColor;
				CODE_SIGN_STYLE = Automatic;
				CURRENT_PROJECT_VERSION = 1;
				DEVELOPMENT_ASSET_PATHS = "\"FlowerDetector/Preview Content\"";
				DEVELOPMENT_TEAM = 6UG68T5QFF;
				ENABLE_PREVIEWS = YES;
				GENERATE_INFOPLIST_FILE = YES;
<<<<<<< HEAD
				INFOPLIST_KEY_NSAppleMusicUsageDescription = "Library usage.";
				INFOPLIST_KEY_NSCameraUsageDescription = "Camera use.";
=======
>>>>>>> 512c5a5388c9b85090ee655900769132962c7364
				INFOPLIST_KEY_UIApplicationSceneManifest_Generation = YES;
				INFOPLIST_KEY_UIApplicationSupportsIndirectInputEvents = YES;
				INFOPLIST_KEY_UILaunchScreen_Generation = YES;
				INFOPLIST_KEY_UISupportedInterfaceOrientations_iPad = "UIInterfaceOrientationPortrait UIInterfaceOrientationPortraitUpsideDown UIInterfaceOrientationLandscapeLeft UIInterfaceOrientationLandscapeRight";
				INFOPLIST_KEY_UISupportedInterfaceOrientations_iPhone = "UIInterfaceOrientationPortrait UIInterfaceOrientationLandscapeLeft UIInterfaceOrientationLandscapeRight";
				LD_RUNPATH_SEARCH_PATHS = (
					"$(inherited)",
					"@executable_path/Frameworks",
				);
				MARKETING_VERSION = 1.0;
				PRODUCT_BUNDLE_IDENTIFIER = Ibrahim.FlowerDetector;
				PRODUCT_NAME = "$(TARGET_NAME)";
				SWIFT_EMIT_LOC_STRINGS = YES;
				SWIFT_VERSION = 5.0;
				TARGETED_DEVICE_FAMILY = "1,2";
			};
			name = Release;
		};
		FD2CCF852CF6DA08003CB571 /* Debug */ = {
			isa = XCBuildConfiguration;
			buildSettings = {
				BUNDLE_LOADER = "$(TEST_HOST)";
				CODE_SIGN_STYLE = Automatic;
				CURRENT_PROJECT_VERSION = 1;
				DEVELOPMENT_TEAM = 6UG68T5QFF;
				GENERATE_INFOPLIST_FILE = YES;
				IPHONEOS_DEPLOYMENT_TARGET = 18.1;
				MARKETING_VERSION = 1.0;
				PRODUCT_BUNDLE_IDENTIFIER = Ibrahim.FlowerDetectorTests;
				PRODUCT_NAME = "$(TARGET_NAME)";
				SWIFT_EMIT_LOC_STRINGS = NO;
				SWIFT_VERSION = 5.0;
				TARGETED_DEVICE_FAMILY = "1,2";
				TEST_HOST = "$(BUILT_PRODUCTS_DIR)/FlowerDetector.app/$(BUNDLE_EXECUTABLE_FOLDER_PATH)/FlowerDetector";
			};
			name = Debug;
		};
		FD2CCF862CF6DA08003CB571 /* Release */ = {
			isa = XCBuildConfiguration;
			buildSettings = {
				BUNDLE_LOADER = "$(TEST_HOST)";
				CODE_SIGN_STYLE = Automatic;
				CURRENT_PROJECT_VERSION = 1;
				DEVELOPMENT_TEAM = 6UG68T5QFF;
				GENERATE_INFOPLIST_FILE = YES;
				IPHONEOS_DEPLOYMENT_TARGET = 18.1;
				MARKETING_VERSION = 1.0;
				PRODUCT_BUNDLE_IDENTIFIER = Ibrahim.FlowerDetectorTests;
				PRODUCT_NAME = "$(TARGET_NAME)";
				SWIFT_EMIT_LOC_STRINGS = NO;
				SWIFT_VERSION = 5.0;
				TARGETED_DEVICE_FAMILY = "1,2";
				TEST_HOST = "$(BUILT_PRODUCTS_DIR)/FlowerDetector.app/$(BUNDLE_EXECUTABLE_FOLDER_PATH)/FlowerDetector";
			};
			name = Release;
		};
		FD2CCF882CF6DA08003CB571 /* Debug */ = {
			isa = XCBuildConfiguration;
			buildSettings = {
				CODE_SIGN_STYLE = Automatic;
				CURRENT_PROJECT_VERSION = 1;
				DEVELOPMENT_TEAM = 6UG68T5QFF;
				GENERATE_INFOPLIST_FILE = YES;
				MARKETING_VERSION = 1.0;
				PRODUCT_BUNDLE_IDENTIFIER = Ibrahim.FlowerDetectorUITests;
				PRODUCT_NAME = "$(TARGET_NAME)";
				SWIFT_EMIT_LOC_STRINGS = NO;
				SWIFT_VERSION = 5.0;
				TARGETED_DEVICE_FAMILY = "1,2";
				TEST_TARGET_NAME = FlowerDetector;
			};
			name = Debug;
		};
		FD2CCF892CF6DA08003CB571 /* Release */ = {
			isa = XCBuildConfiguration;
			buildSettings = {
				CODE_SIGN_STYLE = Automatic;
				CURRENT_PROJECT_VERSION = 1;
				DEVELOPMENT_TEAM = 6UG68T5QFF;
				GENERATE_INFOPLIST_FILE = YES;
				MARKETING_VERSION = 1.0;
				PRODUCT_BUNDLE_IDENTIFIER = Ibrahim.FlowerDetectorUITests;
				PRODUCT_NAME = "$(TARGET_NAME)";
				SWIFT_EMIT_LOC_STRINGS = NO;
				SWIFT_VERSION = 5.0;
				TARGETED_DEVICE_FAMILY = "1,2";
				TEST_TARGET_NAME = FlowerDetector;
			};
			name = Release;
		};
/* End XCBuildConfiguration section */

/* Begin XCConfigurationList section */
		FD2CCF582CF6DA06003CB571 /* Build configuration list for PBXProject "FlowerDetector" */ = {
			isa = XCConfigurationList;
			buildConfigurations = (
				FD2CCF7F2CF6DA08003CB571 /* Debug */,
				FD2CCF802CF6DA08003CB571 /* Release */,
			);
			defaultConfigurationIsVisible = 0;
			defaultConfigurationName = Release;
		};
		FD2CCF812CF6DA08003CB571 /* Build configuration list for PBXNativeTarget "FlowerDetector" */ = {
			isa = XCConfigurationList;
			buildConfigurations = (
				FD2CCF822CF6DA08003CB571 /* Debug */,
				FD2CCF832CF6DA08003CB571 /* Release */,
			);
			defaultConfigurationIsVisible = 0;
			defaultConfigurationName = Release;
		};
		FD2CCF842CF6DA08003CB571 /* Build configuration list for PBXNativeTarget "FlowerDetectorTests" */ = {
			isa = XCConfigurationList;
			buildConfigurations = (
				FD2CCF852CF6DA08003CB571 /* Debug */,
				FD2CCF862CF6DA08003CB571 /* Release */,
			);
			defaultConfigurationIsVisible = 0;
			defaultConfigurationName = Release;
		};
		FD2CCF872CF6DA08003CB571 /* Build configuration list for PBXNativeTarget "FlowerDetectorUITests" */ = {
			isa = XCConfigurationList;
			buildConfigurations = (
				FD2CCF882CF6DA08003CB571 /* Debug */,
				FD2CCF892CF6DA08003CB571 /* Release */,
			);
			defaultConfigurationIsVisible = 0;
			defaultConfigurationName = Release;
		};
/* End XCConfigurationList section */
	};
	rootObject = FD2CCF552CF6DA06003CB571 /* Project object */;
}
